// !$*UTF8*$!
{
	archiveVersion = 1;
	classes = {
	};
	objectVersion = 50;
	objects = {

/* Begin PBXBuildFile section */
		8BFF846621D51DD700429797 /* AppDelegate.swift in Sources */ = {isa = PBXBuildFile; fileRef = 8BFF846521D51DD700429797 /* AppDelegate.swift */; };
		8BFF846821D51DD700429797 /* ViewController.swift in Sources */ = {isa = PBXBuildFile; fileRef = 8BFF846721D51DD700429797 /* ViewController.swift */; };
		8BFF846B21D51DD700429797 /* Main.storyboard in Resources */ = {isa = PBXBuildFile; fileRef = 8BFF846921D51DD700429797 /* Main.storyboard */; };
		8BFF846D21D51DD900429797 /* Assets.xcassets in Resources */ = {isa = PBXBuildFile; fileRef = 8BFF846C21D51DD900429797 /* Assets.xcassets */; };
		8BFF847021D51DD900429797 /* LaunchScreen.storyboard in Resources */ = {isa = PBXBuildFile; fileRef = 8BFF846E21D51DD900429797 /* LaunchScreen.storyboard */; };
		8BFF847B21D51DDA00429797 /* iosProjectTests.swift in Sources */ = {isa = PBXBuildFile; fileRef = 8BFF847A21D51DDA00429797 /* iosProjectTests.swift */; };
		8BFF848621D51DDA00429797 /* iosProjectUITests.swift in Sources */ = {isa = PBXBuildFile; fileRef = 8BFF848521D51DDA00429797 /* iosProjectUITests.swift */; };
/* End PBXBuildFile section */

/* Begin PBXContainerItemProxy section */
		8BFF847721D51DDA00429797 /* PBXContainerItemProxy */ = {
			isa = PBXContainerItemProxy;
			containerPortal = 8BFF845A21D51DD600429797 /* Project object */;
			proxyType = 1;
			remoteGlobalIDString = 8BFF846121D51DD700429797;
			remoteInfo = iosProject;
		};
		8BFF848221D51DDA00429797 /* PBXContainerItemProxy */ = {
			isa = PBXContainerItemProxy;
			containerPortal = 8BFF845A21D51DD600429797 /* Project object */;
			proxyType = 1;
			remoteGlobalIDString = 8BFF846121D51DD700429797;
			remoteInfo = iosProject;
		};
/* End PBXContainerItemProxy section */

/* Begin PBXFileReference section */
		8BFF846221D51DD700429797 /* iosProject.app */ = {isa = PBXFileReference; explicitFileType = wrapper.application; includeInIndex = 0; path = iosProject.app; sourceTree = BUILT_PRODUCTS_DIR; };
		8BFF846521D51DD700429797 /* AppDelegate.swift */ = {isa = PBXFileReference; lastKnownFileType = sourcecode.swift; path = AppDelegate.swift; sourceTree = "<group>"; };
		8BFF846721D51DD700429797 /* ViewController.swift */ = {isa = PBXFileReference; lastKnownFileType = sourcecode.swift; path = ViewController.swift; sourceTree = "<group>"; };
		8BFF846A21D51DD700429797 /* Base */ = {isa = PBXFileReference; lastKnownFileType = file.storyboard; name = Base; path = Base.lproj/Main.storyboard; sourceTree = "<group>"; };
		8BFF846C21D51DD900429797 /* Assets.xcassets */ = {isa = PBXFileReference; lastKnownFileType = folder.assetcatalog; path = Assets.xcassets; sourceTree = "<group>"; };
		8BFF846F21D51DD900429797 /* Base */ = {isa = PBXFileReference; lastKnownFileType = file.storyboard; name = Base; path = Base.lproj/LaunchScreen.storyboard; sourceTree = "<group>"; };
		8BFF847121D51DD900429797 /* Info.plist */ = {isa = PBXFileReference; lastKnownFileType = text.plist.xml; path = Info.plist; sourceTree = "<group>"; };
		8BFF847621D51DDA00429797 /* iosProjectTests.xctest */ = {isa = PBXFileReference; explicitFileType = wrapper.cfbundle; includeInIndex = 0; path = iosProjectTests.xctest; sourceTree = BUILT_PRODUCTS_DIR; };
		8BFF847A21D51DDA00429797 /* iosProjectTests.swift */ = {isa = PBXFileReference; lastKnownFileType = sourcecode.swift; path = iosProjectTests.swift; sourceTree = "<group>"; };
		8BFF847C21D51DDA00429797 /* Info.plist */ = {isa = PBXFileReference; lastKnownFileType = text.plist.xml; path = Info.plist; sourceTree = "<group>"; };
		8BFF848121D51DDA00429797 /* iosProjectUITests.xctest */ = {isa = PBXFileReference; explicitFileType = wrapper.cfbundle; includeInIndex = 0; path = iosProjectUITests.xctest; sourceTree = BUILT_PRODUCTS_DIR; };
		8BFF848521D51DDA00429797 /* iosProjectUITests.swift */ = {isa = PBXFileReference; lastKnownFileType = sourcecode.swift; path = iosProjectUITests.swift; sourceTree = "<group>"; };
		8BFF848721D51DDA00429797 /* Info.plist */ = {isa = PBXFileReference; lastKnownFileType = text.plist.xml; path = Info.plist; sourceTree = "<group>"; };
/* End PBXFileReference section */

/* Begin PBXFrameworksBuildPhase section */
		8BFF845F21D51DD700429797 /* Frameworks */ = {
			isa = PBXFrameworksBuildPhase;
			buildActionMask = 2147483647;
			files = (
			);
			runOnlyForDeploymentPostprocessing = 0;
		};
		8BFF847321D51DDA00429797 /* Frameworks */ = {
			isa = PBXFrameworksBuildPhase;
			buildActionMask = 2147483647;
			files = (
			);
			runOnlyForDeploymentPostprocessing = 0;
		};
		8BFF847E21D51DDA00429797 /* Frameworks */ = {
			isa = PBXFrameworksBuildPhase;
			buildActionMask = 2147483647;
			files = (
			);
			runOnlyForDeploymentPostprocessing = 0;
		};
/* End PBXFrameworksBuildPhase section */

/* Begin PBXGroup section */
		8BFF845921D51DD600429797 = {
			isa = PBXGroup;
			children = (
				8BFF846421D51DD700429797 /* iosProject */,
				8BFF847921D51DDA00429797 /* iosProjectTests */,
				8BFF848421D51DDA00429797 /* iosProjectUITests */,
				8BFF846321D51DD700429797 /* Products */,
			);
			sourceTree = "<group>";
		};
		8BFF846321D51DD700429797 /* Products */ = {
			isa = PBXGroup;
			children = (
				8BFF846221D51DD700429797 /* iosProject.app */,
				8BFF847621D51DDA00429797 /* iosProjectTests.xctest */,
				8BFF848121D51DDA00429797 /* iosProjectUITests.xctest */,
			);
			name = Products;
			sourceTree = "<group>";
		};
		8BFF846421D51DD700429797 /* iosProject */ = {
			isa = PBXGroup;
			children = (
				8BFF846521D51DD700429797 /* AppDelegate.swift */,
				8BFF846721D51DD700429797 /* ViewController.swift */,
				8BFF846921D51DD700429797 /* Main.storyboard */,
				8BFF846C21D51DD900429797 /* Assets.xcassets */,
				8BFF846E21D51DD900429797 /* LaunchScreen.storyboard */,
				8BFF847121D51DD900429797 /* Info.plist */,
			);
			path = iosProject;
			sourceTree = "<group>";
		};
		8BFF847921D51DDA00429797 /* iosProjectTests */ = {
			isa = PBXGroup;
			children = (
				8BFF847A21D51DDA00429797 /* iosProjectTests.swift */,
				8BFF847C21D51DDA00429797 /* Info.plist */,
			);
			path = iosProjectTests;
			sourceTree = "<group>";
		};
		8BFF848421D51DDA00429797 /* iosProjectUITests */ = {
			isa = PBXGroup;
			children = (
				8BFF848521D51DDA00429797 /* iosProjectUITests.swift */,
				8BFF848721D51DDA00429797 /* Info.plist */,
			);
			path = iosProjectUITests;
			sourceTree = "<group>";
		};
/* End PBXGroup section */

/* Begin PBXNativeTarget section */
		8BFF846121D51DD700429797 /* iosProject */ = {
			isa = PBXNativeTarget;
			buildConfigurationList = 8BFF848A21D51DDA00429797 /* Build configuration list for PBXNativeTarget "iosProject" */;
			buildPhases = (
				8BFF845E21D51DD700429797 /* Sources */,
				8BFF845F21D51DD700429797 /* Frameworks */,
				8BFF846021D51DD700429797 /* Resources */,
			);
			buildRules = (
			);
			dependencies = (
			);
			name = iosProject;
			productName = iosProject;
			productReference = 8BFF846221D51DD700429797 /* iosProject.app */;
			productType = "com.apple.product-type.application";
		};
		8BFF847521D51DDA00429797 /* iosProjectTests */ = {
			isa = PBXNativeTarget;
			buildConfigurationList = 8BFF848D21D51DDA00429797 /* Build configuration list for PBXNativeTarget "iosProjectTests" */;
			buildPhases = (
				8BFF847221D51DDA00429797 /* Sources */,
				8BFF847321D51DDA00429797 /* Frameworks */,
				8BFF847421D51DDA00429797 /* Resources */,
			);
			buildRules = (
			);
			dependencies = (
				8BFF847821D51DDA00429797 /* PBXTargetDependency */,
			);
			name = iosProjectTests;
			productName = iosProjectTests;
			productReference = 8BFF847621D51DDA00429797 /* iosProjectTests.xctest */;
			productType = "com.apple.product-type.bundle.unit-test";
		};
		8BFF848021D51DDA00429797 /* iosProjectUITests */ = {
			isa = PBXNativeTarget;
			buildConfigurationList = 8BFF849021D51DDA00429797 /* Build configuration list for PBXNativeTarget "iosProjectUITests" */;
			buildPhases = (
				8BFF847D21D51DDA00429797 /* Sources */,
				8BFF847E21D51DDA00429797 /* Frameworks */,
				8BFF847F21D51DDA00429797 /* Resources */,
			);
			buildRules = (
			);
			dependencies = (
				8BFF848321D51DDA00429797 /* PBXTargetDependency */,
			);
			name = iosProjectUITests;
			productName = iosProjectUITests;
			productReference = 8BFF848121D51DDA00429797 /* iosProjectUITests.xctest */;
			productType = "com.apple.product-type.bundle.ui-testing";
		};
/* End PBXNativeTarget section */

/* Begin PBXProject section */
		8BFF845A21D51DD600429797 /* Project object */ = {
			isa = PBXProject;
			attributes = {
				LastSwiftUpdateCheck = 1010;
				LastUpgradeCheck = 1010;
				ORGANIZATIONNAME = "鈴木孝伸";
				TargetAttributes = {
					8BFF846121D51DD700429797 = {
						CreatedOnToolsVersion = 10.1;
					};
					8BFF847521D51DDA00429797 = {
						CreatedOnToolsVersion = 10.1;
						TestTargetID = 8BFF846121D51DD700429797;
					};
					8BFF848021D51DDA00429797 = {
						CreatedOnToolsVersion = 10.1;
						TestTargetID = 8BFF846121D51DD700429797;
					};
				};
			};
			buildConfigurationList = 8BFF845D21D51DD600429797 /* Build configuration list for PBXProject "iosProject" */;
			compatibilityVersion = "Xcode 9.3";
			developmentRegion = en;
			hasScannedForEncodings = 0;
			knownRegions = (
				en,
				Base,
			);
			mainGroup = 8BFF845921D51DD600429797;
			productRefGroup = 8BFF846321D51DD700429797 /* Products */;
			projectDirPath = "";
			projectRoot = "";
			targets = (
				8BFF846121D51DD700429797 /* iosProject */,
				8BFF847521D51DDA00429797 /* iosProjectTests */,
				8BFF848021D51DDA00429797 /* iosProjectUITests */,
			);
		};
/* End PBXProject section */

/* Begin PBXResourcesBuildPhase section */
		8BFF846021D51DD700429797 /* Resources */ = {
			isa = PBXResourcesBuildPhase;
			buildActionMask = 2147483647;
			files = (
				8BFF847021D51DD900429797 /* LaunchScreen.storyboard in Resources */,
				8BFF846D21D51DD900429797 /* Assets.xcassets in Resources */,
				8BFF846B21D51DD700429797 /* Main.storyboard in Resources */,
			);
			runOnlyForDeploymentPostprocessing = 0;
		};
		8BFF847421D51DDA00429797 /* Resources */ = {
			isa = PBXResourcesBuildPhase;
			buildActionMask = 2147483647;
			files = (
			);
			runOnlyForDeploymentPostprocessing = 0;
		};
		8BFF847F21D51DDA00429797 /* Resources */ = {
			isa = PBXResourcesBuildPhase;
			buildActionMask = 2147483647;
			files = (
			);
			runOnlyForDeploymentPostprocessing = 0;
		};
/* End PBXResourcesBuildPhase section */

/* Begin PBXSourcesBuildPhase section */
		8BFF845E21D51DD700429797 /* Sources */ = {
			isa = PBXSourcesBuildPhase;
			buildActionMask = 2147483647;
			files = (
				8BFF846821D51DD700429797 /* ViewController.swift in Sources */,
				8BFF846621D51DD700429797 /* AppDelegate.swift in Sources */,
			);
			runOnlyForDeploymentPostprocessing = 0;
		};
		8BFF847221D51DDA00429797 /* Sources */ = {
			isa = PBXSourcesBuildPhase;
			buildActionMask = 2147483647;
			files = (
				8BFF847B21D51DDA00429797 /* iosProjectTests.swift in Sources */,
			);
			runOnlyForDeploymentPostprocessing = 0;
		};
		8BFF847D21D51DDA00429797 /* Sources */ = {
			isa = PBXSourcesBuildPhase;
			buildActionMask = 2147483647;
			files = (
				8BFF848621D51DDA00429797 /* iosProjectUITests.swift in Sources */,
			);
			runOnlyForDeploymentPostprocessing = 0;
		};
/* End PBXSourcesBuildPhase section */

/* Begin PBXTargetDependency section */
		8BFF847821D51DDA00429797 /* PBXTargetDependency */ = {
			isa = PBXTargetDependency;
			target = 8BFF846121D51DD700429797 /* iosProject */;
			targetProxy = 8BFF847721D51DDA00429797 /* PBXContainerItemProxy */;
		};
		8BFF848321D51DDA00429797 /* PBXTargetDependency */ = {
			isa = PBXTargetDependency;
			target = 8BFF846121D51DD700429797 /* iosProject */;
			targetProxy = 8BFF848221D51DDA00429797 /* PBXContainerItemProxy */;
		};
/* End PBXTargetDependency section */

/* Begin PBXVariantGroup section */
		8BFF846921D51DD700429797 /* Main.storyboard */ = {
			isa = PBXVariantGroup;
			children = (
				8BFF846A21D51DD700429797 /* Base */,
			);
			name = Main.storyboard;
			sourceTree = "<group>";
		};
		8BFF846E21D51DD900429797 /* LaunchScreen.storyboard */ = {
			isa = PBXVariantGroup;
			children = (
				8BFF846F21D51DD900429797 /* Base */,
			);
			name = LaunchScreen.storyboard;
			sourceTree = "<group>";
		};
/* End PBXVariantGroup section */

/* Begin XCBuildConfiguration section */
		8BFF848821D51DDA00429797 /* Debug */ = {
			isa = XCBuildConfiguration;
			buildSettings = {
				ALWAYS_SEARCH_USER_PATHS = NO;
				CLANG_ANALYZER_NONNULL = YES;
				CLANG_ANALYZER_NUMBER_OBJECT_CONVERSION = YES_AGGRESSIVE;
				CLANG_CXX_LANGUAGE_STANDARD = "gnu++14";
				CLANG_CXX_LIBRARY = "libc++";
				CLANG_ENABLE_MODULES = YES;
				CLANG_ENABLE_OBJC_ARC = YES;
				CLANG_ENABLE_OBJC_WEAK = YES;
				CLANG_WARN_BLOCK_CAPTURE_AUTORELEASING = YES;
				CLANG_WARN_BOOL_CONVERSION = YES;
				CLANG_WARN_COMMA = YES;
				CLANG_WARN_CONSTANT_CONVERSION = YES;
				CLANG_WARN_DEPRECATED_OBJC_IMPLEMENTATIONS = YES;
				CLANG_WARN_DIRECT_OBJC_ISA_USAGE = YES_ERROR;
				CLANG_WARN_DOCUMENTATION_COMMENTS = YES;
				CLANG_WARN_EMPTY_BODY = YES;
				CLANG_WARN_ENUM_CONVERSION = YES;
				CLANG_WARN_INFINITE_RECURSION = YES;
				CLANG_WARN_INT_CONVERSION = YES;
				CLANG_WARN_NON_LITERAL_NULL_CONVERSION = YES;
				CLANG_WARN_OBJC_IMPLICIT_RETAIN_SELF = YES;
				CLANG_WARN_OBJC_LITERAL_CONVERSION = YES;
				CLANG_WARN_OBJC_ROOT_CLASS = YES_ERROR;
				CLANG_WARN_RANGE_LOOP_ANALYSIS = YES;
				CLANG_WARN_STRICT_PROTOTYPES = YES;
				CLANG_WARN_SUSPICIOUS_MOVE = YES;
				CLANG_WARN_UNGUARDED_AVAILABILITY = YES_AGGRESSIVE;
				CLANG_WARN_UNREACHABLE_CODE = YES;
				CLANG_WARN__DUPLICATE_METHOD_MATCH = YES;
				CODE_SIGN_IDENTITY = "iPhone Developer";
				COPY_PHASE_STRIP = NO;
				DEBUG_INFORMATION_FORMAT = dwarf;
				ENABLE_STRICT_OBJC_MSGSEND = YES;
				ENABLE_TESTABILITY = YES;
				GCC_C_LANGUAGE_STANDARD = gnu11;
				GCC_DYNAMIC_NO_PIC = NO;
				GCC_NO_COMMON_BLOCKS = YES;
				GCC_OPTIMIZATION_LEVEL = 0;
				GCC_PREPROCESSOR_DEFINITIONS = (
					"DEBUG=1",
					"$(inherited)",
				);
				GCC_WARN_64_TO_32_BIT_CONVERSION = YES;
				GCC_WARN_ABOUT_RETURN_TYPE = YES_ERROR;
				GCC_WARN_UNDECLARED_SELECTOR = YES;
				GCC_WARN_UNINITIALIZED_AUTOS = YES_AGGRESSIVE;
				GCC_WARN_UNUSED_FUNCTION = YES;
				GCC_WARN_UNUSED_VARIABLE = YES;
				IPHONEOS_DEPLOYMENT_TARGET = 12.1;
				MTL_ENABLE_DEBUG_INFO = INCLUDE_SOURCE;
				MTL_FAST_MATH = YES;
				ONLY_ACTIVE_ARCH = YES;
				SDKROOT = iphoneos;
				SWIFT_ACTIVE_COMPILATION_CONDITIONS = DEBUG;
				SWIFT_OPTIMIZATION_LEVEL = "-Onone";
			};
			name = Debug;
		};
		8BFF848921D51DDA00429797 /* Release */ = {
			isa = XCBuildConfiguration;
			buildSettings = {
				ALWAYS_SEARCH_USER_PATHS = NO;
				CLANG_ANALYZER_NONNULL = YES;
				CLANG_ANALYZER_NUMBER_OBJECT_CONVERSION = YES_AGGRESSIVE;
				CLANG_CXX_LANGUAGE_STANDARD = "gnu++14";
				CLANG_CXX_LIBRARY = "libc++";
				CLANG_ENABLE_MODULES = YES;
				CLANG_ENABLE_OBJC_ARC = YES;
				CLANG_ENABLE_OBJC_WEAK = YES;
				CLANG_WARN_BLOCK_CAPTURE_AUTORELEASING = YES;
				CLANG_WARN_BOOL_CONVERSION = YES;
				CLANG_WARN_COMMA = YES;
				CLANG_WARN_CONSTANT_CONVERSION = YES;
				CLANG_WARN_DEPRECATED_OBJC_IMPLEMENTATIONS = YES;
				CLANG_WARN_DIRECT_OBJC_ISA_USAGE = YES_ERROR;
				CLANG_WARN_DOCUMENTATION_COMMENTS = YES;
				CLANG_WARN_EMPTY_BODY = YES;
				CLANG_WARN_ENUM_CONVERSION = YES;
				CLANG_WARN_INFINITE_RECURSION = YES;
				CLANG_WARN_INT_CONVERSION = YES;
				CLANG_WARN_NON_LITERAL_NULL_CONVERSION = YES;
				CLANG_WARN_OBJC_IMPLICIT_RETAIN_SELF = YES;
				CLANG_WARN_OBJC_LITERAL_CONVERSION = YES;
				CLANG_WARN_OBJC_ROOT_CLASS = YES_ERROR;
				CLANG_WARN_RANGE_LOOP_ANALYSIS = YES;
				CLANG_WARN_STRICT_PROTOTYPES = YES;
				CLANG_WARN_SUSPICIOUS_MOVE = YES;
				CLANG_WARN_UNGUARDED_AVAILABILITY = YES_AGGRESSIVE;
				CLANG_WARN_UNREACHABLE_CODE = YES;
				CLANG_WARN__DUPLICATE_METHOD_MATCH = YES;
				CODE_SIGN_IDENTITY = "iPhone Developer";
				COPY_PHASE_STRIP = NO;
				DEBUG_INFORMATION_FORMAT = "dwarf-with-dsym";
				ENABLE_NS_ASSERTIONS = NO;
				ENABLE_STRICT_OBJC_MSGSEND = YES;
				GCC_C_LANGUAGE_STANDARD = gnu11;
				GCC_NO_COMMON_BLOCKS = YES;
				GCC_WARN_64_TO_32_BIT_CONVERSION = YES;
				GCC_WARN_ABOUT_RETURN_TYPE = YES_ERROR;
				GCC_WARN_UNDECLARED_SELECTOR = YES;
				GCC_WARN_UNINITIALIZED_AUTOS = YES_AGGRESSIVE;
				GCC_WARN_UNUSED_FUNCTION = YES;
				GCC_WARN_UNUSED_VARIABLE = YES;
				IPHONEOS_DEPLOYMENT_TARGET = 12.1;
				MTL_ENABLE_DEBUG_INFO = NO;
				MTL_FAST_MATH = YES;
				SDKROOT = iphoneos;
				SWIFT_COMPILATION_MODE = wholemodule;
				SWIFT_OPTIMIZATION_LEVEL = "-O";
				VALIDATE_PRODUCT = YES;
			};
			name = Release;
		};
		8BFF848B21D51DDA00429797 /* Debug */ = {
			isa = XCBuildConfiguration;
			buildSettings = {
				ASSETCATALOG_COMPILER_APPICON_NAME = AppIcon;
				CODE_SIGN_STYLE = Automatic;
				INFOPLIST_FILE = iosProject/Info.plist;
				LD_RUNPATH_SEARCH_PATHS = (
					"$(inherited)",
					"@executable_path/Frameworks",
				);
				PRODUCT_BUNDLE_IDENTIFIER = com.example.iosProject;
				PRODUCT_NAME = "$(TARGET_NAME)";
				SWIFT_VERSION = 4.2;
				TARGETED_DEVICE_FAMILY = "1,2";
			};
			name = Debug;
		};
		8BFF848C21D51DDA00429797 /* Release */ = {
			isa = XCBuildConfiguration;
			buildSettings = {
				ASSETCATALOG_COMPILER_APPICON_NAME = AppIcon;
				CODE_SIGN_STYLE = Automatic;
				INFOPLIST_FILE = iosProject/Info.plist;
				LD_RUNPATH_SEARCH_PATHS = (
					"$(inherited)",
					"@executable_path/Frameworks",
				);
				PRODUCT_BUNDLE_IDENTIFIER = com.example.iosProject;
				PRODUCT_NAME = "$(TARGET_NAME)";
				SWIFT_VERSION = 4.2;
				TARGETED_DEVICE_FAMILY = "1,2";
			};
			name = Release;
		};
		8BFF848E21D51DDA00429797 /* Debug */ = {
			isa = XCBuildConfiguration;
			buildSettings = {
				ALWAYS_EMBED_SWIFT_STANDARD_LIBRARIES = YES;
				BUNDLE_LOADER = "$(TEST_HOST)";
				CODE_SIGN_STYLE = Automatic;
				INFOPLIST_FILE = iosProjectTests/Info.plist;
				LD_RUNPATH_SEARCH_PATHS = (
					"$(inherited)",
					"@executable_path/Frameworks",
					"@loader_path/Frameworks",
				);
				PRODUCT_BUNDLE_IDENTIFIER = com.example.iosProjectTests;
				PRODUCT_NAME = "$(TARGET_NAME)";
				SWIFT_VERSION = 4.2;
				TARGETED_DEVICE_FAMILY = "1,2";
				TEST_HOST = "$(BUILT_PRODUCTS_DIR)/iosProject.app/iosProject";
			};
			name = Debug;
		};
		8BFF848F21D51DDA00429797 /* Release */ = {
			isa = XCBuildConfiguration;
			buildSettings = {
				ALWAYS_EMBED_SWIFT_STANDARD_LIBRARIES = YES;
				BUNDLE_LOADER = "$(TEST_HOST)";
				CODE_SIGN_STYLE = Automatic;
				INFOPLIST_FILE = iosProjectTests/Info.plist;
				LD_RUNPATH_SEARCH_PATHS = (
					"$(inherited)",
					"@executable_path/Frameworks",
					"@loader_path/Frameworks",
				);
				PRODUCT_BUNDLE_IDENTIFIER = com.example.iosProjectTests;
				PRODUCT_NAME = "$(TARGET_NAME)";
				SWIFT_VERSION = 4.2;
				TARGETED_DEVICE_FAMILY = "1,2";
				TEST_HOST = "$(BUILT_PRODUCTS_DIR)/iosProject.app/iosProject";
			};
			name = Release;
		};
		8BFF849121D51DDA00429797 /* Debug */ = {
			isa = XCBuildConfiguration;
			buildSettings = {
				ALWAYS_EMBED_SWIFT_STANDARD_LIBRARIES = YES;
				CODE_SIGN_STYLE = Automatic;
				INFOPLIST_FILE = iosProjectUITests/Info.plist;
				LD_RUNPATH_SEARCH_PATHS = (
					"$(inherited)",
					"@executable_path/Frameworks",
					"@loader_path/Frameworks",
				);
				PRODUCT_BUNDLE_IDENTIFIER = com.example.iosProjectUITests;
				PRODUCT_NAME = "$(TARGET_NAME)";
				SWIFT_VERSION = 4.2;
				TARGETED_DEVICE_FAMILY = "1,2";
				TEST_TARGET_NAME = iosProject;
			};
			name = Debug;
		};
		8BFF849221D51DDA00429797 /* Release */ = {
			isa = XCBuildConfiguration;
			buildSettings = {
				ALWAYS_EMBED_SWIFT_STANDARD_LIBRARIES = YES;
				CODE_SIGN_STYLE = Automatic;
				INFOPLIST_FILE = iosProjectUITests/Info.plist;
				LD_RUNPATH_SEARCH_PATHS = (
					"$(inherited)",
					"@executable_path/Frameworks",
					"@loader_path/Frameworks",
				);
				PRODUCT_BUNDLE_IDENTIFIER = com.example.iosProjectUITests;
				PRODUCT_NAME = "$(TARGET_NAME)";
				SWIFT_VERSION = 4.2;
				TARGETED_DEVICE_FAMILY = "1,2";
				TEST_TARGET_NAME = iosProject;
			};
			name = Release;
		};
/* End XCBuildConfiguration section */

/* Begin XCConfigurationList section */
		8BFF845D21D51DD600429797 /* Build configuration list for PBXProject "iosProject" */ = {
			isa = XCConfigurationList;
			buildConfigurations = (
				8BFF848821D51DDA00429797 /* Debug */,
				8BFF848921D51DDA00429797 /* Release */,
			);
			defaultConfigurationIsVisible = 0;
			defaultConfigurationName = Release;
		};
		8BFF848A21D51DDA00429797 /* Build configuration list for PBXNativeTarget "iosProject" */ = {
			isa = XCConfigurationList;
			buildConfigurations = (
				8BFF848B21D51DDA00429797 /* Debug */,
				8BFF848C21D51DDA00429797 /* Release */,
			);
			defaultConfigurationIsVisible = 0;
			defaultConfigurationName = Release;
		};
		8BFF848D21D51DDA00429797 /* Build configuration list for PBXNativeTarget "iosProjectTests" */ = {
			isa = XCConfigurationList;
			buildConfigurations = (
				8BFF848E21D51DDA00429797 /* Debug */,
				8BFF848F21D51DDA00429797 /* Release */,
			);
			defaultConfigurationIsVisible = 0;
			defaultConfigurationName = Release;
		};
		8BFF849021D51DDA00429797 /* Build configuration list for PBXNativeTarget "iosProjectUITests" */ = {
			isa = XCConfigurationList;
			buildConfigurations = (
				8BFF849121D51DDA00429797 /* Debug */,
				8BFF849221D51DDA00429797 /* Release */,
			);
			defaultConfigurationIsVisible = 0;
			defaultConfigurationName = Release;
		};
/* End XCConfigurationList section */
	};
	rootObject = 8BFF845A21D51DD600429797 /* Project object */;
}
